
Microsoft Visual Studio Solution File, Format Version 12.00
# Visual Studio Version 17
VisualStudioVersion = 17.9.34902.65
MinimumVisualStudioVersion = 10.0.40219.1
Project("{9A19103F-16F7-4668-BE54-9A1E7A4F7556}") = "ToDo", "ToDo\ToDo.csproj", "{CCFA412D-ACA5-4C1D-B7B5-75E68465FD98}"
EndProject
Project("{FAE04EC0-301F-11D3-BF4B-00C04F79EFBC}") = "ToDo_Tests", "ToDo_Tests\ToDo_Tests.csproj", "{8EB441DF-3E1B-4882-AB78-B76D83A737F4}"
EndProject
Global
	GlobalSection(SolutionConfigurationPlatforms) = preSolution
		Debug|Any CPU = Debug|Any CPU
		Release|Any CPU = Release|Any CPU
	EndGlobalSection
	GlobalSection(ProjectConfigurationPlatforms) = postSolution
		{CCFA412D-ACA5-4C1D-B7B5-75E68465FD98}.Debug|Any CPU.ActiveCfg = Debug|Any CPU
		{CCFA412D-ACA5-4C1D-B7B5-75E68465FD98}.Debug|Any CPU.Build.0 = Debug|Any CPU
		{CCFA412D-ACA5-4C1D-B7B5-75E68465FD98}.Release|Any CPU.ActiveCfg = Release|Any CPU
		{CCFA412D-ACA5-4C1D-B7B5-75E68465FD98}.Release|Any CPU.Build.0 = Release|Any CPU
		{8EB441DF-3E1B-4882-AB78-B76D83A737F4}.Debug|Any CPU.ActiveCfg = Debug|Any CPU
		{8EB441DF-3E1B-4882-AB78-B76D83A737F4}.Debug|Any CPU.Build.0 = Debug|Any CPU
		{8EB441DF-3E1B-4882-AB78-B76D83A737F4}.Release|Any CPU.ActiveCfg = Release|Any CPU
		{8EB441DF-3E1B-4882-AB78-B76D83A737F4}.Release|Any CPU.Build.0 = Release|Any CPU
	EndGlobalSection
	GlobalSection(SolutionProperties) = preSolution
		HideSolutionNode = FALSE
	EndGlobalSection
	GlobalSection(ExtensibilityGlobals) = postSolution
		SolutionGuid = {B8944B24-4DAE-4A6A-9A37-9B227BFC3A83}
	EndGlobalSection
EndGlobal
